
Microsoft Visual Studio Solution File, Format Version 12.00
# Visual Studio Version 17
VisualStudioVersion = 17.9.34701.34
MinimumVisualStudioVersion = 10.0.40219.1
Project("{FAE04EC0-301F-11D3-BF4B-00C04F79EFBC}") = "FractionsLibrary", "FractionsApp\FractionsLibrary.csproj", "{C72FAF3B-423E-4A93-985E-945CD4D37004}"
EndProject
Project("{FAE04EC0-301F-11D3-BF4B-00C04F79EFBC}") = "FractionsConsoleApp", "FractionsConsoleApp\FractionsConsoleApp.csproj", "{B90AE871-9472-493C-AE9B-17210FD7F931}"
EndProject
Project("{FAE04EC0-301F-11D3-BF4B-00C04F79EFBC}") = "FractionsUnitTest", "FractionUnitTest\FractionsUnitTest.csproj", "{91E7127D-208A-48B2-99DE-C992539D9D54}"
EndProject
Project("{FAE04EC0-301F-11D3-BF4B-00C04F79EFBC}") = "FractionsWPFApp", "FractionsWPFApp\FractionsWPFApp.csproj", "{7E65D46C-3980-454E-A45C-18AF9BF75B1F}"
EndProject
Global
	GlobalSection(SolutionConfigurationPlatforms) = preSolution
		Debug|Any CPU = Debug|Any CPU
		Release|Any CPU = Release|Any CPU
	EndGlobalSection
	GlobalSection(ProjectConfigurationPlatforms) = postSolution
		{C72FAF3B-423E-4A93-985E-945CD4D37004}.Debug|Any CPU.ActiveCfg = Debug|Any CPU
		{C72FAF3B-423E-4A93-985E-945CD4D37004}.Debug|Any CPU.Build.0 = Debug|Any CPU
		{C72FAF3B-423E-4A93-985E-945CD4D37004}.Release|Any CPU.ActiveCfg = Release|Any CPU
		{C72FAF3B-423E-4A93-985E-945CD4D37004}.Release|Any CPU.Build.0 = Release|Any CPU
		{B90AE871-9472-493C-AE9B-17210FD7F931}.Debug|Any CPU.ActiveCfg = Debug|Any CPU
		{B90AE871-9472-493C-AE9B-17210FD7F931}.Debug|Any CPU.Build.0 = Debug|Any CPU
		{B90AE871-9472-493C-AE9B-17210FD7F931}.Release|Any CPU.ActiveCfg = Release|Any CPU
		{B90AE871-9472-493C-AE9B-17210FD7F931}.Release|Any CPU.Build.0 = Release|Any CPU
		{91E7127D-208A-48B2-99DE-C992539D9D54}.Debug|Any CPU.ActiveCfg = Debug|Any CPU
		{91E7127D-208A-48B2-99DE-C992539D9D54}.Debug|Any CPU.Build.0 = Debug|Any CPU
		{91E7127D-208A-48B2-99DE-C992539D9D54}.Release|Any CPU.ActiveCfg = Release|Any CPU
		{91E7127D-208A-48B2-99DE-C992539D9D54}.Release|Any CPU.Build.0 = Release|Any CPU
		{7E65D46C-3980-454E-A45C-18AF9BF75B1F}.Debug|Any CPU.ActiveCfg = Debug|Any CPU
		{7E65D46C-3980-454E-A45C-18AF9BF75B1F}.Debug|Any CPU.Build.0 = Debug|Any CPU
		{7E65D46C-3980-454E-A45C-18AF9BF75B1F}.Release|Any CPU.ActiveCfg = Release|Any CPU
		{7E65D46C-3980-454E-A45C-18AF9BF75B1F}.Release|Any CPU.Build.0 = Release|Any CPU
	EndGlobalSection
	GlobalSection(SolutionProperties) = preSolution
		HideSolutionNode = FALSE
	EndGlobalSection
	GlobalSection(ExtensibilityGlobals) = postSolution
		SolutionGuid = {74B267C3-1470-4761-9E9C-B113BA2764F1}
	EndGlobalSection
EndGlobal
